
Microsoft Visual Studio Solution File, Format Version 12.00
# Visual Studio Version 16
VisualStudioVersion = 16.0.33130.400
MinimumVisualStudioVersion = 10.0.40219.1
Project("{FAE04EC0-301F-11D3-BF4B-00C04F79EFBC}") = "Search", "Search\Search.csproj", "{CFC338F7-C39A-49B9-A77F-1DFE9426A20B}"
EndProject
Global
	GlobalSection(SolutionConfigurationPlatforms) = preSolution
		Debug|Any CPU = Debug|Any CPU
		Release|Any CPU = Release|Any CPU
	EndGlobalSection
	GlobalSection(ProjectConfigurationPlatforms) = postSolution
		{CFC338F7-C39A-49B9-A77F-1DFE9426A20B}.Debug|Any CPU.ActiveCfg = Debug|Any CPU
		{CFC338F7-C39A-49B9-A77F-1DFE9426A20B}.Debug|Any CPU.Build.0 = Debug|Any CPU
		{CFC338F7-C39A-49B9-A77F-1DFE9426A20B}.Release|Any CPU.ActiveCfg = Release|Any CPU
		{CFC338F7-C39A-49B9-A77F-1DFE9426A20B}.Release|Any CPU.Build.0 = Release|Any CPU
	EndGlobalSection
	GlobalSection(SolutionProperties) = preSolution
		HideSolutionNode = FALSE
	EndGlobalSection
	GlobalSection(ExtensibilityGlobals) = postSolution
		SolutionGuid = {EFF7973C-3FD5-4298-9468-7F6FE01FA70F}
	EndGlobalSection
EndGlobal
